
Microsoft Visual Studio Solution File, Format Version 12.00
# Visual Studio 2012
Project("{FAE04EC0-301F-11D3-BF4B-00C04F79EFBC}") = "FoodApplication", "FoodApplication\FoodApplication.csproj", "{CF7EF702-0D74-4C3C-B001-4050F75BBDE9}"
EndProject
Global
	GlobalSection(SolutionConfigurationPlatforms) = preSolution
		Debug|Any CPU = Debug|Any CPU
		Release|Any CPU = Release|Any CPU
	EndGlobalSection
	GlobalSection(ProjectConfigurationPlatforms) = postSolution
		{CF7EF702-0D74-4C3C-B001-4050F75BBDE9}.Debug|Any CPU.ActiveCfg = Debug|Any CPU
		{CF7EF702-0D74-4C3C-B001-4050F75BBDE9}.Debug|Any CPU.Build.0 = Debug|Any CPU
		{CF7EF702-0D74-4C3C-B001-4050F75BBDE9}.Release|Any CPU.ActiveCfg = Release|Any CPU
		{CF7EF702-0D74-4C3C-B001-4050F75BBDE9}.Release|Any CPU.Build.0 = Release|Any CPU
	EndGlobalSection
	GlobalSection(SolutionProperties) = preSolution
		HideSolutionNode = FALSE
	EndGlobalSection
EndGlobal
